
Microsoft Visual Studio Solution File, Format Version 12.00
# Visual Studio Version 17
VisualStudioVersion = 17.14.36717.8
MinimumVisualStudioVersion = 10.0.40219.1
Project("{FAE04EC0-301F-11D3-BF4B-00C04F79EFBC}") = "BikeRental.Domain", "BikeRental.Domain\BikeRental.Domain.csproj", "{D9127BCC-B84C-4765-B97C-5F75CF27306D}"
EndProject
Project("{FAE04EC0-301F-11D3-BF4B-00C04F79EFBC}") = "BikeRental.Tests", "BikeRental.Tests\BikeRental.Tests.csproj", "{44367407-CDA9-4EA0-8C12-CDE27CA2EECA}"
EndProject
Project("{FAE04EC0-301F-11D3-BF4B-00C04F79EFBC}") = "BikeRental.Infrastructure.EfCore", "BikeRental.Infrastructure.EfCore\BikeRental.Infrastructure.EfCore.csproj", "{3A77A620-C498-4033-801D-0EBD023050BE}"
EndProject
Project("{FAE04EC0-301F-11D3-BF4B-00C04F79EFBC}") = "BikeRental.Application.Contracts", "BikeRental.Application.Contracts\BikeRental.Application.Contracts.csproj", "{EB6F5850-FCDD-4178-945D-3AD815AED349}"
EndProject
Global
	GlobalSection(SolutionConfigurationPlatforms) = preSolution
		Debug|Any CPU = Debug|Any CPU
		Release|Any CPU = Release|Any CPU
	EndGlobalSection
	GlobalSection(ProjectConfigurationPlatforms) = postSolution
		{D9127BCC-B84C-4765-B97C-5F75CF27306D}.Debug|Any CPU.ActiveCfg = Debug|Any CPU
		{D9127BCC-B84C-4765-B97C-5F75CF27306D}.Debug|Any CPU.Build.0 = Debug|Any CPU
		{D9127BCC-B84C-4765-B97C-5F75CF27306D}.Release|Any CPU.ActiveCfg = Release|Any CPU
		{D9127BCC-B84C-4765-B97C-5F75CF27306D}.Release|Any CPU.Build.0 = Release|Any CPU
		{44367407-CDA9-4EA0-8C12-CDE27CA2EECA}.Debug|Any CPU.ActiveCfg = Debug|Any CPU
		{44367407-CDA9-4EA0-8C12-CDE27CA2EECA}.Debug|Any CPU.Build.0 = Debug|Any CPU
		{44367407-CDA9-4EA0-8C12-CDE27CA2EECA}.Release|Any CPU.ActiveCfg = Release|Any CPU
		{44367407-CDA9-4EA0-8C12-CDE27CA2EECA}.Release|Any CPU.Build.0 = Release|Any CPU
		{3A77A620-C498-4033-801D-0EBD023050BE}.Debug|Any CPU.ActiveCfg = Debug|Any CPU
		{3A77A620-C498-4033-801D-0EBD023050BE}.Debug|Any CPU.Build.0 = Debug|Any CPU
		{3A77A620-C498-4033-801D-0EBD023050BE}.Release|Any CPU.ActiveCfg = Release|Any CPU
		{3A77A620-C498-4033-801D-0EBD023050BE}.Release|Any CPU.Build.0 = Release|Any CPU
		{EB6F5850-FCDD-4178-945D-3AD815AED349}.Debug|Any CPU.ActiveCfg = Debug|Any CPU
		{EB6F5850-FCDD-4178-945D-3AD815AED349}.Debug|Any CPU.Build.0 = Debug|Any CPU
		{EB6F5850-FCDD-4178-945D-3AD815AED349}.Release|Any CPU.ActiveCfg = Release|Any CPU
		{EB6F5850-FCDD-4178-945D-3AD815AED349}.Release|Any CPU.Build.0 = Release|Any CPU
	EndGlobalSection
	GlobalSection(SolutionProperties) = preSolution
		HideSolutionNode = FALSE
	EndGlobalSection
	GlobalSection(ExtensibilityGlobals) = postSolution
		SolutionGuid = {EA172D1B-3252-43F8-BBA7-938CE9E86D6E}
	EndGlobalSection
EndGlobal
